
Microsoft Visual Studio Solution File, Format Version 12.00
# Visual Studio 15
VisualStudioVersion = 15.0.27004.2010
MinimumVisualStudioVersion = 10.0.40219.1
Project("{8BC9CEB8-8B4A-11D0-8D11-00A0C91BC942}") = "windows剪贴板", "windows剪贴板\windows剪贴板.vcxproj", "{923B9AE8-3D37-4D52-85A6-C435FD05E169}"
EndProject
Global
	GlobalSection(SolutionConfigurationPlatforms) = preSolution
		Debug|x64 = Debug|x64
		Debug|x86 = Debug|x86
		Release|x64 = Release|x64
		Release|x86 = Release|x86
	EndGlobalSection
	GlobalSection(ProjectConfigurationPlatforms) = postSolution
		{923B9AE8-3D37-4D52-85A6-C435FD05E169}.Debug|x64.ActiveCfg = Debug|x64
		{923B9AE8-3D37-4D52-85A6-C435FD05E169}.Debug|x64.Build.0 = Debug|x64
		{923B9AE8-3D37-4D52-85A6-C435FD05E169}.Debug|x86.ActiveCfg = Debug|Win32
		{923B9AE8-3D37-4D52-85A6-C435FD05E169}.Debug|x86.Build.0 = Debug|Win32
		{923B9AE8-3D37-4D52-85A6-C435FD05E169}.Release|x64.ActiveCfg = Release|x64
		{923B9AE8-3D37-4D52-85A6-C435FD05E169}.Release|x64.Build.0 = Release|x64
		{923B9AE8-3D37-4D52-85A6-C435FD05E169}.Release|x86.ActiveCfg = Release|Win32
		{923B9AE8-3D37-4D52-85A6-C435FD05E169}.Release|x86.Build.0 = Release|Win32
	EndGlobalSection
	GlobalSection(SolutionProperties) = preSolution
		HideSolutionNode = FALSE
	EndGlobalSection
	GlobalSection(ExtensibilityGlobals) = postSolution
		SolutionGuid = {857EEC08-ECCF-44B9-AB64-1963088B6FD5}
	EndGlobalSection
EndGlobal
